
Microsoft Visual Studio Solution File, Format Version 12.00
# Visual Studio Version 17
VisualStudioVersion = 17.10.35122.118
MinimumVisualStudioVersion = 10.0.40219.1
Project("{9A19103F-16F7-4668-BE54-9A1E7A4F7556}") = "Zodiac", "Zodiac\Zodiac.csproj", "{ACD0EB65-0571-4068-BC92-46B1D058F4B5}"
EndProject
Project("{9A19103F-16F7-4668-BE54-9A1E7A4F7556}") = "Services", "Services\Services.csproj", "{0D313526-027F-4694-87E5-6E1CEF3E8D61}"
EndProject
Global
	GlobalSection(SolutionConfigurationPlatforms) = preSolution
		Debug|Any CPU = Debug|Any CPU
		Release|Any CPU = Release|Any CPU
	EndGlobalSection
	GlobalSection(ProjectConfigurationPlatforms) = postSolution
		{ACD0EB65-0571-4068-BC92-46B1D058F4B5}.Debug|Any CPU.ActiveCfg = Debug|Any CPU
		{ACD0EB65-0571-4068-BC92-46B1D058F4B5}.Debug|Any CPU.Build.0 = Debug|Any CPU
		{ACD0EB65-0571-4068-BC92-46B1D058F4B5}.Release|Any CPU.ActiveCfg = Release|Any CPU
		{ACD0EB65-0571-4068-BC92-46B1D058F4B5}.Release|Any CPU.Build.0 = Release|Any CPU
		{0D313526-027F-4694-87E5-6E1CEF3E8D61}.Debug|Any CPU.ActiveCfg = Debug|Any CPU
		{0D313526-027F-4694-87E5-6E1CEF3E8D61}.Debug|Any CPU.Build.0 = Debug|Any CPU
		{0D313526-027F-4694-87E5-6E1CEF3E8D61}.Release|Any CPU.ActiveCfg = Release|Any CPU
		{0D313526-027F-4694-87E5-6E1CEF3E8D61}.Release|Any CPU.Build.0 = Release|Any CPU
	EndGlobalSection
	GlobalSection(SolutionProperties) = preSolution
		HideSolutionNode = FALSE
	EndGlobalSection
	GlobalSection(ExtensibilityGlobals) = postSolution
		SolutionGuid = {95392F65-C83F-489A-9284-767B253CC16D}
	EndGlobalSection
EndGlobal
